
Microsoft Visual Studio Solution File, Format Version 12.00
# Visual Studio Version 17
VisualStudioVersion = 17.13.35919.96 d17.13
MinimumVisualStudioVersion = 10.0.40219.1
Project("{FAE04EC0-301F-11D3-BF4B-00C04F79EFBC}") = "EmployeeAdminPortal", "EmployeeAdminPortal\EmployeeAdminPortal.csproj", "{68B6D2D1-11AE-4838-AC6D-E6C1BCC22BD9}"
EndProject
Global
	GlobalSection(SolutionConfigurationPlatforms) = preSolution
		Debug|Any CPU = Debug|Any CPU
		Release|Any CPU = Release|Any CPU
	EndGlobalSection
	GlobalSection(ProjectConfigurationPlatforms) = postSolution
		{68B6D2D1-11AE-4838-AC6D-E6C1BCC22BD9}.Debug|Any CPU.ActiveCfg = Debug|Any CPU
		{68B6D2D1-11AE-4838-AC6D-E6C1BCC22BD9}.Debug|Any CPU.Build.0 = Debug|Any CPU
		{68B6D2D1-11AE-4838-AC6D-E6C1BCC22BD9}.Release|Any CPU.ActiveCfg = Release|Any CPU
		{68B6D2D1-11AE-4838-AC6D-E6C1BCC22BD9}.Release|Any CPU.Build.0 = Release|Any CPU
	EndGlobalSection
	GlobalSection(SolutionProperties) = preSolution
		HideSolutionNode = FALSE
	EndGlobalSection
	GlobalSection(ExtensibilityGlobals) = postSolution
		SolutionGuid = {BF24DF89-7CE3-4853-BCB8-4C1D1DD9B6F8}
	EndGlobalSection
EndGlobal
